
Microsoft Visual Studio Solution File, Format Version 12.00
# Visual Studio 15
Project("{FAE04EC0-301F-11D3-BF4B-00C04F79EFBC}") = "LadyBusinesCoreAng", "LadyBusinesCoreAng\LadyBusinesCoreAng.csproj", "{ABE81F28-8B78-4255-A685-C8794563BCDE}"
EndProject
Global
	GlobalSection(SolutionConfigurationPlatforms) = preSolution
		Debug|Any CPU = Debug|Any CPU
		Release|Any CPU = Release|Any CPU
	EndGlobalSection
	GlobalSection(ProjectConfigurationPlatforms) = postSolution
		{ABE81F28-8B78-4255-A685-C8794563BCDE}.Debug|Any CPU.ActiveCfg = Debug|Any CPU
		{ABE81F28-8B78-4255-A685-C8794563BCDE}.Debug|Any CPU.Build.0 = Debug|Any CPU
		{ABE81F28-8B78-4255-A685-C8794563BCDE}.Release|Any CPU.ActiveCfg = Release|Any CPU
		{ABE81F28-8B78-4255-A685-C8794563BCDE}.Release|Any CPU.Build.0 = Release|Any CPU
	EndGlobalSection
EndGlobal
